
Microsoft Visual Studio Solution File, Format Version 12.00
# Visual Studio 14
VisualStudioVersion = 14.0.24720.0
MinimumVisualStudioVersion = 10.0.40219.1
Project("{9092AA53-FB77-4645-B42D-1CCCA6BD08BD}") = "node-data", "node-data.njsproj", "{009BE828-1009-4422-9DCA-BAC09CA0289C}"
EndProject
Global
	GlobalSection(SolutionConfigurationPlatforms) = preSolution
		Debug|Any CPU = Debug|Any CPU
		Release|Any CPU = Release|Any CPU
	EndGlobalSection
	GlobalSection(ProjectConfigurationPlatforms) = postSolution
		{009BE828-1009-4422-9DCA-BAC09CA0289C}.Debug|Any CPU.ActiveCfg = Debug|Any CPU
		{009BE828-1009-4422-9DCA-BAC09CA0289C}.Debug|Any CPU.Build.0 = Debug|Any CPU
		{009BE828-1009-4422-9DCA-BAC09CA0289C}.Release|Any CPU.ActiveCfg = Release|Any CPU
		{009BE828-1009-4422-9DCA-BAC09CA0289C}.Release|Any CPU.Build.0 = Release|Any CPU
	EndGlobalSection
	GlobalSection(SolutionProperties) = preSolution
		HideSolutionNode = FALSE
	EndGlobalSection
EndGlobal
